// !$*UTF8*$!
{
	archiveVersion = 1;
	classes = {
	};
	objectVersion = 48;
	objects = {

/* Begin PBXBuildFile section */
		02AA5222B88FAFD3FA18130F /* Pods_CodableSampleUITests.framework in Frameworks */ = {isa = PBXBuildFile; fileRef = CAE744836983E7D45A6B23D3 /* Pods_CodableSampleUITests.framework */; };
		106A7FFAD6E121A34C04CE8C /* Pods_CodableSampleTests.framework in Frameworks */ = {isa = PBXBuildFile; fileRef = D6816CDA855F3D5FFE36C650 /* Pods_CodableSampleTests.framework */; };
		63CC0E261FB19C7F001DD0B3 /* AppDelegate.swift in Sources */ = {isa = PBXBuildFile; fileRef = 63CC0E251FB19C7F001DD0B3 /* AppDelegate.swift */; };
		63CC0E281FB19C7F001DD0B3 /* ViewController.swift in Sources */ = {isa = PBXBuildFile; fileRef = 63CC0E271FB19C7F001DD0B3 /* ViewController.swift */; };
		63CC0E2B1FB19C7F001DD0B3 /* Main.storyboard in Resources */ = {isa = PBXBuildFile; fileRef = 63CC0E291FB19C7F001DD0B3 /* Main.storyboard */; };
		63CC0E2D1FB19C7F001DD0B3 /* Assets.xcassets in Resources */ = {isa = PBXBuildFile; fileRef = 63CC0E2C1FB19C7F001DD0B3 /* Assets.xcassets */; };
		63CC0E301FB19C7F001DD0B3 /* LaunchScreen.storyboard in Resources */ = {isa = PBXBuildFile; fileRef = 63CC0E2E1FB19C7F001DD0B3 /* LaunchScreen.storyboard */; };
		63CC0E3B1FB19C7F001DD0B3 /* CodableSampleTests.swift in Sources */ = {isa = PBXBuildFile; fileRef = 63CC0E3A1FB19C7F001DD0B3 /* CodableSampleTests.swift */; };
		63CC0E461FB19C7F001DD0B3 /* CodableSampleUITests.swift in Sources */ = {isa = PBXBuildFile; fileRef = 63CC0E451FB19C7F001DD0B3 /* CodableSampleUITests.swift */; };
		63CC0E561FB1A745001DD0B3 /* DecodableDataParser.swift in Sources */ = {isa = PBXBuildFile; fileRef = 63CC0E551FB1A745001DD0B3 /* DecodableDataParser.swift */; };
		63E880DD1FB2E83A00CCCFE1 /* RandomUserAPI.swift in Sources */ = {isa = PBXBuildFile; fileRef = 63E880DC1FB2E83A00CCCFE1 /* RandomUserAPI.swift */; };
		E9451BC67647EB8CB7D712D2 /* Pods_CodableSample.framework in Frameworks */ = {isa = PBXBuildFile; fileRef = 67FBD6AA794D627BD22C44A0 /* Pods_CodableSample.framework */; };
/* End PBXBuildFile section */

/* Begin PBXContainerItemProxy section */
		63CC0E371FB19C7F001DD0B3 /* PBXContainerItemProxy */ = {
			isa = PBXContainerItemProxy;
			containerPortal = 63CC0E1A1FB19C7F001DD0B3 /* Project object */;
			proxyType = 1;
			remoteGlobalIDString = 63CC0E211FB19C7F001DD0B3;
			remoteInfo = CodableSample;
		};
		63CC0E421FB19C7F001DD0B3 /* PBXContainerItemProxy */ = {
			isa = PBXContainerItemProxy;
			containerPortal = 63CC0E1A1FB19C7F001DD0B3 /* Project object */;
			proxyType = 1;
			remoteGlobalIDString = 63CC0E211FB19C7F001DD0B3;
			remoteInfo = CodableSample;
		};
/* End PBXContainerItemProxy section */

/* Begin PBXFileReference section */
		237DD5FD3F0B2E567887EDE6 /* Pods-CodableSample.release.xcconfig */ = {isa = PBXFileReference; includeInIndex = 1; lastKnownFileType = text.xcconfig; name = "Pods-CodableSample.release.xcconfig"; path = "Pods/Target Support Files/Pods-CodableSample/Pods-CodableSample.release.xcconfig"; sourceTree = "<group>"; };
		30370944D48E7DB1421E93E6 /* Pods-CodableSample.debug.xcconfig */ = {isa = PBXFileReference; includeInIndex = 1; lastKnownFileType = text.xcconfig; name = "Pods-CodableSample.debug.xcconfig"; path = "Pods/Target Support Files/Pods-CodableSample/Pods-CodableSample.debug.xcconfig"; sourceTree = "<group>"; };
		517EF2836E1C2E0AB2E4B91A /* Pods-CodableSampleUITests.release.xcconfig */ = {isa = PBXFileReference; includeInIndex = 1; lastKnownFileType = text.xcconfig; name = "Pods-CodableSampleUITests.release.xcconfig"; path = "Pods/Target Support Files/Pods-CodableSampleUITests/Pods-CodableSampleUITests.release.xcconfig"; sourceTree = "<group>"; };
		63CC0E221FB19C7F001DD0B3 /* CodableSample.app */ = {isa = PBXFileReference; explicitFileType = wrapper.application; includeInIndex = 0; path = CodableSample.app; sourceTree = BUILT_PRODUCTS_DIR; };
		63CC0E251FB19C7F001DD0B3 /* AppDelegate.swift */ = {isa = PBXFileReference; lastKnownFileType = sourcecode.swift; path = AppDelegate.swift; sourceTree = "<group>"; };
		63CC0E271FB19C7F001DD0B3 /* ViewController.swift */ = {isa = PBXFileReference; lastKnownFileType = sourcecode.swift; path = ViewController.swift; sourceTree = "<group>"; };
		63CC0E2A1FB19C7F001DD0B3 /* Base */ = {isa = PBXFileReference; lastKnownFileType = file.storyboard; name = Base; path = Base.lproj/Main.storyboard; sourceTree = "<group>"; };
		63CC0E2C1FB19C7F001DD0B3 /* Assets.xcassets */ = {isa = PBXFileReference; lastKnownFileType = folder.assetcatalog; path = Assets.xcassets; sourceTree = "<group>"; };
		63CC0E2F1FB19C7F001DD0B3 /* Base */ = {isa = PBXFileReference; lastKnownFileType = file.storyboard; name = Base; path = Base.lproj/LaunchScreen.storyboard; sourceTree = "<group>"; };
		63CC0E311FB19C7F001DD0B3 /* Info.plist */ = {isa = PBXFileReference; lastKnownFileType = text.plist.xml; path = Info.plist; sourceTree = "<group>"; };
		63CC0E361FB19C7F001DD0B3 /* CodableSampleTests.xctest */ = {isa = PBXFileReference; explicitFileType = wrapper.cfbundle; includeInIndex = 0; path = CodableSampleTests.xctest; sourceTree = BUILT_PRODUCTS_DIR; };
		63CC0E3A1FB19C7F001DD0B3 /* CodableSampleTests.swift */ = {isa = PBXFileReference; lastKnownFileType = sourcecode.swift; path = CodableSampleTests.swift; sourceTree = "<group>"; };
		63CC0E3C1FB19C7F001DD0B3 /* Info.plist */ = {isa = PBXFileReference; lastKnownFileType = text.plist.xml; path = Info.plist; sourceTree = "<group>"; };
		63CC0E411FB19C7F001DD0B3 /* CodableSampleUITests.xctest */ = {isa = PBXFileReference; explicitFileType = wrapper.cfbundle; includeInIndex = 0; path = CodableSampleUITests.xctest; sourceTree = BUILT_PRODUCTS_DIR; };
		63CC0E451FB19C7F001DD0B3 /* CodableSampleUITests.swift */ = {isa = PBXFileReference; lastKnownFileType = sourcecode.swift; path = CodableSampleUITests.swift; sourceTree = "<group>"; };
		63CC0E471FB19C7F001DD0B3 /* Info.plist */ = {isa = PBXFileReference; lastKnownFileType = text.plist.xml; path = Info.plist; sourceTree = "<group>"; };
		63CC0E551FB1A745001DD0B3 /* DecodableDataParser.swift */ = {isa = PBXFileReference; lastKnownFileType = sourcecode.swift; path = DecodableDataParser.swift; sourceTree = "<group>"; };
		63E880DC1FB2E83A00CCCFE1 /* RandomUserAPI.swift */ = {isa = PBXFileReference; lastKnownFileType = sourcecode.swift; path = RandomUserAPI.swift; sourceTree = "<group>"; };
		6795E26B36FFAE902DD72351 /* Pods-CodableSampleTests.debug.xcconfig */ = {isa = PBXFileReference; includeInIndex = 1; lastKnownFileType = text.xcconfig; name = "Pods-CodableSampleTests.debug.xcconfig"; path = "Pods/Target Support Files/Pods-CodableSampleTests/Pods-CodableSampleTests.debug.xcconfig"; sourceTree = "<group>"; };
		67FBD6AA794D627BD22C44A0 /* Pods_CodableSample.framework */ = {isa = PBXFileReference; explicitFileType = wrapper.framework; includeInIndex = 0; path = Pods_CodableSample.framework; sourceTree = BUILT_PRODUCTS_DIR; };
		6F87BF9186FD1ACD2523F267 /* Pods-CodableSampleTests.release.xcconfig */ = {isa = PBXFileReference; includeInIndex = 1; lastKnownFileType = text.xcconfig; name = "Pods-CodableSampleTests.release.xcconfig"; path = "Pods/Target Support Files/Pods-CodableSampleTests/Pods-CodableSampleTests.release.xcconfig"; sourceTree = "<group>"; };
		8C9B092B9830DE1A8A9997EC /* Pods-CodableSampleUITests.debug.xcconfig */ = {isa = PBXFileReference; includeInIndex = 1; lastKnownFileType = text.xcconfig; name = "Pods-CodableSampleUITests.debug.xcconfig"; path = "Pods/Target Support Files/Pods-CodableSampleUITests/Pods-CodableSampleUITests.debug.xcconfig"; sourceTree = "<group>"; };
		CAE744836983E7D45A6B23D3 /* Pods_CodableSampleUITests.framework */ = {isa = PBXFileReference; explicitFileType = wrapper.framework; includeInIndex = 0; path = Pods_CodableSampleUITests.framework; sourceTree = BUILT_PRODUCTS_DIR; };
		D6816CDA855F3D5FFE36C650 /* Pods_CodableSampleTests.framework */ = {isa = PBXFileReference; explicitFileType = wrapper.framework; includeInIndex = 0; path = Pods_CodableSampleTests.framework; sourceTree = BUILT_PRODUCTS_DIR; };
/* End PBXFileReference section */

/* Begin PBXFrameworksBuildPhase section */
		63CC0E1F1FB19C7F001DD0B3 /* Frameworks */ = {
			isa = PBXFrameworksBuildPhase;
			buildActionMask = 2147483647;
			files = (
				E9451BC67647EB8CB7D712D2 /* Pods_CodableSample.framework in Frameworks */,
			);
			runOnlyForDeploymentPostprocessing = 0;
		};
		63CC0E331FB19C7F001DD0B3 /* Frameworks */ = {
			isa = PBXFrameworksBuildPhase;
			buildActionMask = 2147483647;
			files = (
				106A7FFAD6E121A34C04CE8C /* Pods_CodableSampleTests.framework in Frameworks */,
			);
			runOnlyForDeploymentPostprocessing = 0;
		};
		63CC0E3E1FB19C7F001DD0B3 /* Frameworks */ = {
			isa = PBXFrameworksBuildPhase;
			buildActionMask = 2147483647;
			files = (
				02AA5222B88FAFD3FA18130F /* Pods_CodableSampleUITests.framework in Frameworks */,
			);
			runOnlyForDeploymentPostprocessing = 0;
		};
/* End PBXFrameworksBuildPhase section */

/* Begin PBXGroup section */
		63CC0E191FB19C7F001DD0B3 = {
			isa = PBXGroup;
			children = (
				63CC0E241FB19C7F001DD0B3 /* CodableSample */,
				63CC0E391FB19C7F001DD0B3 /* CodableSampleTests */,
				63CC0E441FB19C7F001DD0B3 /* CodableSampleUITests */,
				63CC0E231FB19C7F001DD0B3 /* Products */,
				A2F9341D46ED532074AF5952 /* Pods */,
				AC68428E0B8F6D9E58A0F6F2 /* Frameworks */,
			);
			sourceTree = "<group>";
		};
		63CC0E231FB19C7F001DD0B3 /* Products */ = {
			isa = PBXGroup;
			children = (
				63CC0E221FB19C7F001DD0B3 /* CodableSample.app */,
				63CC0E361FB19C7F001DD0B3 /* CodableSampleTests.xctest */,
				63CC0E411FB19C7F001DD0B3 /* CodableSampleUITests.xctest */,
			);
			name = Products;
			sourceTree = "<group>";
		};
		63CC0E241FB19C7F001DD0B3 /* CodableSample */ = {
			isa = PBXGroup;
			children = (
				63CC0E251FB19C7F001DD0B3 /* AppDelegate.swift */,
				63CC0E271FB19C7F001DD0B3 /* ViewController.swift */,
				63CC0E291FB19C7F001DD0B3 /* Main.storyboard */,
				63CC0E2C1FB19C7F001DD0B3 /* Assets.xcassets */,
				63CC0E2E1FB19C7F001DD0B3 /* LaunchScreen.storyboard */,
				63CC0E311FB19C7F001DD0B3 /* Info.plist */,
				63E880DC1FB2E83A00CCCFE1 /* RandomUserAPI.swift */,
				63CC0E551FB1A745001DD0B3 /* DecodableDataParser.swift */,
			);
			path = CodableSample;
			sourceTree = "<group>";
		};
		63CC0E391FB19C7F001DD0B3 /* CodableSampleTests */ = {
			isa = PBXGroup;
			children = (
				63CC0E3A1FB19C7F001DD0B3 /* CodableSampleTests.swift */,
				63CC0E3C1FB19C7F001DD0B3 /* Info.plist */,
			);
			path = CodableSampleTests;
			sourceTree = "<group>";
		};
		63CC0E441FB19C7F001DD0B3 /* CodableSampleUITests */ = {
			isa = PBXGroup;
			children = (
				63CC0E451FB19C7F001DD0B3 /* CodableSampleUITests.swift */,
				63CC0E471FB19C7F001DD0B3 /* Info.plist */,
			);
			path = CodableSampleUITests;
			sourceTree = "<group>";
		};
		A2F9341D46ED532074AF5952 /* Pods */ = {
			isa = PBXGroup;
			children = (
				30370944D48E7DB1421E93E6 /* Pods-CodableSample.debug.xcconfig */,
				237DD5FD3F0B2E567887EDE6 /* Pods-CodableSample.release.xcconfig */,
				6795E26B36FFAE902DD72351 /* Pods-CodableSampleTests.debug.xcconfig */,
				6F87BF9186FD1ACD2523F267 /* Pods-CodableSampleTests.release.xcconfig */,
				8C9B092B9830DE1A8A9997EC /* Pods-CodableSampleUITests.debug.xcconfig */,
				517EF2836E1C2E0AB2E4B91A /* Pods-CodableSampleUITests.release.xcconfig */,
			);
			name = Pods;
			sourceTree = "<group>";
		};
		AC68428E0B8F6D9E58A0F6F2 /* Frameworks */ = {
			isa = PBXGroup;
			children = (
				67FBD6AA794D627BD22C44A0 /* Pods_CodableSample.framework */,
				D6816CDA855F3D5FFE36C650 /* Pods_CodableSampleTests.framework */,
				CAE744836983E7D45A6B23D3 /* Pods_CodableSampleUITests.framework */,
			);
			name = Frameworks;
			sourceTree = "<group>";
		};
/* End PBXGroup section */

/* Begin PBXNativeTarget section */
		63CC0E211FB19C7F001DD0B3 /* CodableSample */ = {
			isa = PBXNativeTarget;
			buildConfigurationList = 63CC0E4A1FB19C7F001DD0B3 /* Build configuration list for PBXNativeTarget "CodableSample" */;
			buildPhases = (
				A7673542C4E53BF803364C00 /* [CP] Check Pods Manifest.lock */,
				63CC0E1E1FB19C7F001DD0B3 /* Sources */,
				63CC0E1F1FB19C7F001DD0B3 /* Frameworks */,
				63CC0E201FB19C7F001DD0B3 /* Resources */,
				C6BFE66FF59B8B5B85CFE72F /* [CP] Embed Pods Frameworks */,
				819AF8220EFCCF2F1434A2E5 /* [CP] Copy Pods Resources */,
			);
			buildRules = (
			);
			dependencies = (
			);
			name = CodableSample;
			productName = CodableSample;
			productReference = 63CC0E221FB19C7F001DD0B3 /* CodableSample.app */;
			productType = "com.apple.product-type.application";
		};
		63CC0E351FB19C7F001DD0B3 /* CodableSampleTests */ = {
			isa = PBXNativeTarget;
			buildConfigurationList = 63CC0E4D1FB19C7F001DD0B3 /* Build configuration list for PBXNativeTarget "CodableSampleTests" */;
			buildPhases = (
				8E3839116F84AA9F9A2468A5 /* [CP] Check Pods Manifest.lock */,
				63CC0E321FB19C7F001DD0B3 /* Sources */,
				63CC0E331FB19C7F001DD0B3 /* Frameworks */,
				63CC0E341FB19C7F001DD0B3 /* Resources */,
				A5934734C77CCC1B2AC0F3E6 /* [CP] Embed Pods Frameworks */,
				E197AC281B32C797945EE3D2 /* [CP] Copy Pods Resources */,
			);
			buildRules = (
			);
			dependencies = (
				63CC0E381FB19C7F001DD0B3 /* PBXTargetDependency */,
			);
			name = CodableSampleTests;
			productName = CodableSampleTests;
			productReference = 63CC0E361FB19C7F001DD0B3 /* CodableSampleTests.xctest */;
			productType = "com.apple.product-type.bundle.unit-test";
		};
		63CC0E401FB19C7F001DD0B3 /* CodableSampleUITests */ = {
			isa = PBXNativeTarget;
			buildConfigurationList = 63CC0E501FB19C7F001DD0B3 /* Build configuration list for PBXNativeTarget "CodableSampleUITests" */;
			buildPhases = (
				EBE76E11C5B53DD71520FF70 /* [CP] Check Pods Manifest.lock */,
				63CC0E3D1FB19C7F001DD0B3 /* Sources */,
				63CC0E3E1FB19C7F001DD0B3 /* Frameworks */,
				63CC0E3F1FB19C7F001DD0B3 /* Resources */,
				A6EFB78CE7CC2710F936A0F4 /* [CP] Embed Pods Frameworks */,
				3A660031FB011E75BBE246F5 /* [CP] Copy Pods Resources */,
			);
			buildRules = (
			);
			dependencies = (
				63CC0E431FB19C7F001DD0B3 /* PBXTargetDependency */,
			);
			name = CodableSampleUITests;
			productName = CodableSampleUITests;
			productReference = 63CC0E411FB19C7F001DD0B3 /* CodableSampleUITests.xctest */;
			productType = "com.apple.product-type.bundle.ui-testing";
		};
/* End PBXNativeTarget section */

/* Begin PBXProject section */
		63CC0E1A1FB19C7F001DD0B3 /* Project object */ = {
			isa = PBXProject;
			attributes = {
				LastSwiftUpdateCheck = 0910;
				LastUpgradeCheck = 0910;
				ORGANIZATIONNAME = TakahiroTsuchiya;
				TargetAttributes = {
					63CC0E211FB19C7F001DD0B3 = {
						CreatedOnToolsVersion = 9.1;
						ProvisioningStyle = Automatic;
					};
					63CC0E351FB19C7F001DD0B3 = {
						CreatedOnToolsVersion = 9.1;
						ProvisioningStyle = Automatic;
						TestTargetID = 63CC0E211FB19C7F001DD0B3;
					};
					63CC0E401FB19C7F001DD0B3 = {
						CreatedOnToolsVersion = 9.1;
						ProvisioningStyle = Automatic;
						TestTargetID = 63CC0E211FB19C7F001DD0B3;
					};
				};
			};
			buildConfigurationList = 63CC0E1D1FB19C7F001DD0B3 /* Build configuration list for PBXProject "CodableSample" */;
			compatibilityVersion = "Xcode 8.0";
			developmentRegion = en;
			hasScannedForEncodings = 0;
			knownRegions = (
				en,
				Base,
			);
			mainGroup = 63CC0E191FB19C7F001DD0B3;
			productRefGroup = 63CC0E231FB19C7F001DD0B3 /* Products */;
			projectDirPath = "";
			projectRoot = "";
			targets = (
				63CC0E211FB19C7F001DD0B3 /* CodableSample */,
				63CC0E351FB19C7F001DD0B3 /* CodableSampleTests */,
				63CC0E401FB19C7F001DD0B3 /* CodableSampleUITests */,
			);
		};
/* End PBXProject section */

/* Begin PBXResourcesBuildPhase section */
		63CC0E201FB19C7F001DD0B3 /* Resources */ = {
			isa = PBXResourcesBuildPhase;
			buildActionMask = 2147483647;
			files = (
				63CC0E301FB19C7F001DD0B3 /* LaunchScreen.storyboard in Resources */,
				63CC0E2D1FB19C7F001DD0B3 /* Assets.xcassets in Resources */,
				63CC0E2B1FB19C7F001DD0B3 /* Main.storyboard in Resources */,
			);
			runOnlyForDeploymentPostprocessing = 0;
		};
		63CC0E341FB19C7F001DD0B3 /* Resources */ = {
			isa = PBXResourcesBuildPhase;
			buildActionMask = 2147483647;
			files = (
			);
			runOnlyForDeploymentPostprocessing = 0;
		};
		63CC0E3F1FB19C7F001DD0B3 /* Resources */ = {
			isa = PBXResourcesBuildPhase;
			buildActionMask = 2147483647;
			files = (
			);
			runOnlyForDeploymentPostprocessing = 0;
		};
/* End PBXResourcesBuildPhase section */

/* Begin PBXShellScriptBuildPhase section */
		3A660031FB011E75BBE246F5 /* [CP] Copy Pods Resources */ = {
			isa = PBXShellScriptBuildPhase;
			buildActionMask = 2147483647;
			files = (
			);
			inputPaths = (
			);
			name = "[CP] Copy Pods Resources";
			outputPaths = (
			);
			runOnlyForDeploymentPostprocessing = 0;
			shellPath = /bin/sh;
			shellScript = "\"${SRCROOT}/Pods/Target Support Files/Pods-CodableSampleUITests/Pods-CodableSampleUITests-resources.sh\"\n";
			showEnvVarsInLog = 0;
		};
		819AF8220EFCCF2F1434A2E5 /* [CP] Copy Pods Resources */ = {
			isa = PBXShellScriptBuildPhase;
			buildActionMask = 2147483647;
			files = (
			);
			inputPaths = (
			);
			name = "[CP] Copy Pods Resources";
			outputPaths = (
			);
			runOnlyForDeploymentPostprocessing = 0;
			shellPath = /bin/sh;
			shellScript = "\"${SRCROOT}/Pods/Target Support Files/Pods-CodableSample/Pods-CodableSample-resources.sh\"\n";
			showEnvVarsInLog = 0;
		};
		8E3839116F84AA9F9A2468A5 /* [CP] Check Pods Manifest.lock */ = {
			isa = PBXShellScriptBuildPhase;
			buildActionMask = 2147483647;
			files = (
			);
			inputPaths = (
				"${PODS_PODFILE_DIR_PATH}/Podfile.lock",
				"${PODS_ROOT}/Manifest.lock",
			);
			name = "[CP] Check Pods Manifest.lock";
			outputPaths = (
				"$(DERIVED_FILE_DIR)/Pods-CodableSampleTests-checkManifestLockResult.txt",
			);
			runOnlyForDeploymentPostprocessing = 0;
			shellPath = /bin/sh;
			shellScript = "diff \"${PODS_PODFILE_DIR_PATH}/Podfile.lock\" \"${PODS_ROOT}/Manifest.lock\" > /dev/null\nif [ $? != 0 ] ; then\n    # print error to STDERR\n    echo \"error: The sandbox is not in sync with the Podfile.lock. Run 'pod install' or update your CocoaPods installation.\" >&2\n    exit 1\nfi\n# This output is used by Xcode 'outputs' to avoid re-running this script phase.\necho \"SUCCESS\" > \"${SCRIPT_OUTPUT_FILE_0}\"\n";
			showEnvVarsInLog = 0;
		};
		A5934734C77CCC1B2AC0F3E6 /* [CP] Embed Pods Frameworks */ = {
			isa = PBXShellScriptBuildPhase;
			buildActionMask = 2147483647;
			files = (
			);
			inputPaths = (
			);
			name = "[CP] Embed Pods Frameworks";
			outputPaths = (
			);
			runOnlyForDeploymentPostprocessing = 0;
			shellPath = /bin/sh;
			shellScript = "\"${SRCROOT}/Pods/Target Support Files/Pods-CodableSampleTests/Pods-CodableSampleTests-frameworks.sh\"\n";
			showEnvVarsInLog = 0;
		};
		A6EFB78CE7CC2710F936A0F4 /* [CP] Embed Pods Frameworks */ = {
			isa = PBXShellScriptBuildPhase;
			buildActionMask = 2147483647;
			files = (
			);
			inputPaths = (
			);
			name = "[CP] Embed Pods Frameworks";
			outputPaths = (
			);
			runOnlyForDeploymentPostprocessing = 0;
			shellPath = /bin/sh;
			shellScript = "\"${SRCROOT}/Pods/Target Support Files/Pods-CodableSampleUITests/Pods-CodableSampleUITests-frameworks.sh\"\n";
			showEnvVarsInLog = 0;
		};
		A7673542C4E53BF803364C00 /* [CP] Check Pods Manifest.lock */ = {
			isa = PBXShellScriptBuildPhase;
			buildActionMask = 2147483647;
			files = (
			);
			inputPaths = (
				"${PODS_PODFILE_DIR_PATH}/Podfile.lock",
				"${PODS_ROOT}/Manifest.lock",
			);
			name = "[CP] Check Pods Manifest.lock";
			outputPaths = (
				"$(DERIVED_FILE_DIR)/Pods-CodableSample-checkManifestLockResult.txt",
			);
			runOnlyForDeploymentPostprocessing = 0;
			shellPath = /bin/sh;
			shellScript = "diff \"${PODS_PODFILE_DIR_PATH}/Podfile.lock\" \"${PODS_ROOT}/Manifest.lock\" > /dev/null\nif [ $? != 0 ] ; then\n    # print error to STDERR\n    echo \"error: The sandbox is not in sync with the Podfile.lock. Run 'pod install' or update your CocoaPods installation.\" >&2\n    exit 1\nfi\n# This output is used by Xcode 'outputs' to avoid re-running this script phase.\necho \"SUCCESS\" > \"${SCRIPT_OUTPUT_FILE_0}\"\n";
			showEnvVarsInLog = 0;
		};
		C6BFE66FF59B8B5B85CFE72F /* [CP] Embed Pods Frameworks */ = {
			isa = PBXShellScriptBuildPhase;
			buildActionMask = 2147483647;
			files = (
			);
			inputPaths = (
				"${SRCROOT}/Pods/Target Support Files/Pods-CodableSample/Pods-CodableSample-frameworks.sh",
				"${BUILT_PRODUCTS_DIR}/APIKit/APIKit.framework",
				"${BUILT_PRODUCTS_DIR}/Alamofire/Alamofire.framework",
				"${BUILT_PRODUCTS_DIR}/AlamofireImage/AlamofireImage.framework",
				"${BUILT_PRODUCTS_DIR}/Result/Result.framework",
			);
			name = "[CP] Embed Pods Frameworks";
			outputPaths = (
				"${TARGET_BUILD_DIR}/${FRAMEWORKS_FOLDER_PATH}/APIKit.framework",
				"${TARGET_BUILD_DIR}/${FRAMEWORKS_FOLDER_PATH}/Alamofire.framework",
				"${TARGET_BUILD_DIR}/${FRAMEWORKS_FOLDER_PATH}/AlamofireImage.framework",
				"${TARGET_BUILD_DIR}/${FRAMEWORKS_FOLDER_PATH}/Result.framework",
			);
			runOnlyForDeploymentPostprocessing = 0;
			shellPath = /bin/sh;
			shellScript = "\"${SRCROOT}/Pods/Target Support Files/Pods-CodableSample/Pods-CodableSample-frameworks.sh\"\n";
			showEnvVarsInLog = 0;
		};
		E197AC281B32C797945EE3D2 /* [CP] Copy Pods Resources */ = {
			isa = PBXShellScriptBuildPhase;
			buildActionMask = 2147483647;
			files = (
			);
			inputPaths = (
			);
			name = "[CP] Copy Pods Resources";
			outputPaths = (
			);
			runOnlyForDeploymentPostprocessing = 0;
			shellPath = /bin/sh;
			shellScript = "\"${SRCROOT}/Pods/Target Support Files/Pods-CodableSampleTests/Pods-CodableSampleTests-resources.sh\"\n";
			showEnvVarsInLog = 0;
		};
		EBE76E11C5B53DD71520FF70 /* [CP] Check Pods Manifest.lock */ = {
			isa = PBXShellScriptBuildPhase;
			buildActionMask = 2147483647;
			files = (
			);
			inputPaths = (
				"${PODS_PODFILE_DIR_PATH}/Podfile.lock",
				"${PODS_ROOT}/Manifest.lock",
			);
			name = "[CP] Check Pods Manifest.lock";
			outputPaths = (
				"$(DERIVED_FILE_DIR)/Pods-CodableSampleUITests-checkManifestLockResult.txt",
			);
			runOnlyForDeploymentPostprocessing = 0;
			shellPath = /bin/sh;
			shellScript = "diff \"${PODS_PODFILE_DIR_PATH}/Podfile.lock\" \"${PODS_ROOT}/Manifest.lock\" > /dev/null\nif [ $? != 0 ] ; then\n    # print error to STDERR\n    echo \"error: The sandbox is not in sync with the Podfile.lock. Run 'pod install' or update your CocoaPods installation.\" >&2\n    exit 1\nfi\n# This output is used by Xcode 'outputs' to avoid re-running this script phase.\necho \"SUCCESS\" > \"${SCRIPT_OUTPUT_FILE_0}\"\n";
			showEnvVarsInLog = 0;
		};
/* End PBXShellScriptBuildPhase section */

/* Begin PBXSourcesBuildPhase section */
		63CC0E1E1FB19C7F001DD0B3 /* Sources */ = {
			isa = PBXSourcesBuildPhase;
			buildActionMask = 2147483647;
			files = (
				63CC0E281FB19C7F001DD0B3 /* ViewController.swift in Sources */,
				63CC0E261FB19C7F001DD0B3 /* AppDelegate.swift in Sources */,
				63E880DD1FB2E83A00CCCFE1 /* RandomUserAPI.swift in Sources */,
				63CC0E561FB1A745001DD0B3 /* DecodableDataParser.swift in Sources */,
			);
			runOnlyForDeploymentPostprocessing = 0;
		};
		63CC0E321FB19C7F001DD0B3 /* Sources */ = {
			isa = PBXSourcesBuildPhase;
			buildActionMask = 2147483647;
			files = (
				63CC0E3B1FB19C7F001DD0B3 /* CodableSampleTests.swift in Sources */,
			);
			runOnlyForDeploymentPostprocessing = 0;
		};
		63CC0E3D1FB19C7F001DD0B3 /* Sources */ = {
			isa = PBXSourcesBuildPhase;
			buildActionMask = 2147483647;
			files = (
				63CC0E461FB19C7F001DD0B3 /* CodableSampleUITests.swift in Sources */,
			);
			runOnlyForDeploymentPostprocessing = 0;
		};
/* End PBXSourcesBuildPhase section */

/* Begin PBXTargetDependency section */
		63CC0E381FB19C7F001DD0B3 /* PBXTargetDependency */ = {
			isa = PBXTargetDependency;
			target = 63CC0E211FB19C7F001DD0B3 /* CodableSample */;
			targetProxy = 63CC0E371FB19C7F001DD0B3 /* PBXContainerItemProxy */;
		};
		63CC0E431FB19C7F001DD0B3 /* PBXTargetDependency */ = {
			isa = PBXTargetDependency;
			target = 63CC0E211FB19C7F001DD0B3 /* CodableSample */;
			targetProxy = 63CC0E421FB19C7F001DD0B3 /* PBXContainerItemProxy */;
		};
/* End PBXTargetDependency section */

/* Begin PBXVariantGroup section */
		63CC0E291FB19C7F001DD0B3 /* Main.storyboard */ = {
			isa = PBXVariantGroup;
			children = (
				63CC0E2A1FB19C7F001DD0B3 /* Base */,
			);
			name = Main.storyboard;
			sourceTree = "<group>";
		};
		63CC0E2E1FB19C7F001DD0B3 /* LaunchScreen.storyboard */ = {
			isa = PBXVariantGroup;
			children = (
				63CC0E2F1FB19C7F001DD0B3 /* Base */,
			);
			name = LaunchScreen.storyboard;
			sourceTree = "<group>";
		};
/* End PBXVariantGroup section */

/* Begin XCBuildConfiguration section */
		63CC0E481FB19C7F001DD0B3 /* Debug */ = {
			isa = XCBuildConfiguration;
			buildSettings = {
				ALWAYS_SEARCH_USER_PATHS = NO;
				CLANG_ANALYZER_NONNULL = YES;
				CLANG_ANALYZER_NUMBER_OBJECT_CONVERSION = YES_AGGRESSIVE;
				CLANG_CXX_LANGUAGE_STANDARD = "gnu++14";
				CLANG_CXX_LIBRARY = "libc++";
				CLANG_ENABLE_MODULES = YES;
				CLANG_ENABLE_OBJC_ARC = YES;
				CLANG_WARN_BLOCK_CAPTURE_AUTORELEASING = YES;
				CLANG_WARN_BOOL_CONVERSION = YES;
				CLANG_WARN_COMMA = YES;
				CLANG_WARN_CONSTANT_CONVERSION = YES;
				CLANG_WARN_DIRECT_OBJC_ISA_USAGE = YES_ERROR;
				CLANG_WARN_DOCUMENTATION_COMMENTS = YES;
				CLANG_WARN_EMPTY_BODY = YES;
				CLANG_WARN_ENUM_CONVERSION = YES;
				CLANG_WARN_INFINITE_RECURSION = YES;
				CLANG_WARN_INT_CONVERSION = YES;
				CLANG_WARN_NON_LITERAL_NULL_CONVERSION = YES;
				CLANG_WARN_OBJC_LITERAL_CONVERSION = YES;
				CLANG_WARN_OBJC_ROOT_CLASS = YES_ERROR;
				CLANG_WARN_RANGE_LOOP_ANALYSIS = YES;
				CLANG_WARN_STRICT_PROTOTYPES = YES;
				CLANG_WARN_SUSPICIOUS_MOVE = YES;
				CLANG_WARN_UNGUARDED_AVAILABILITY = YES_AGGRESSIVE;
				CLANG_WARN_UNREACHABLE_CODE = YES;
				CLANG_WARN__DUPLICATE_METHOD_MATCH = YES;
				CODE_SIGN_IDENTITY = "iPhone Developer";
				COPY_PHASE_STRIP = NO;
				DEBUG_INFORMATION_FORMAT = dwarf;
				ENABLE_STRICT_OBJC_MSGSEND = YES;
				ENABLE_TESTABILITY = YES;
				GCC_C_LANGUAGE_STANDARD = gnu11;
				GCC_DYNAMIC_NO_PIC = NO;
				GCC_NO_COMMON_BLOCKS = YES;
				GCC_OPTIMIZATION_LEVEL = 0;
				GCC_PREPROCESSOR_DEFINITIONS = (
					"DEBUG=1",
					"$(inherited)",
				);
				GCC_WARN_64_TO_32_BIT_CONVERSION = YES;
				GCC_WARN_ABOUT_RETURN_TYPE = YES_ERROR;
				GCC_WARN_UNDECLARED_SELECTOR = YES;
				GCC_WARN_UNINITIALIZED_AUTOS = YES_AGGRESSIVE;
				GCC_WARN_UNUSED_FUNCTION = YES;
				GCC_WARN_UNUSED_VARIABLE = YES;
				IPHONEOS_DEPLOYMENT_TARGET = 11.1;
				MTL_ENABLE_DEBUG_INFO = YES;
				ONLY_ACTIVE_ARCH = YES;
				SDKROOT = iphoneos;
				SWIFT_ACTIVE_COMPILATION_CONDITIONS = DEBUG;
				SWIFT_OPTIMIZATION_LEVEL = "-Onone";
			};
			name = Debug;
		};
		63CC0E491FB19C7F001DD0B3 /* Release */ = {
			isa = XCBuildConfiguration;
			buildSettings = {
				ALWAYS_SEARCH_USER_PATHS = NO;
				CLANG_ANALYZER_NONNULL = YES;
				CLANG_ANALYZER_NUMBER_OBJECT_CONVERSION = YES_AGGRESSIVE;
				CLANG_CXX_LANGUAGE_STANDARD = "gnu++14";
				CLANG_CXX_LIBRARY = "libc++";
				CLANG_ENABLE_MODULES = YES;
				CLANG_ENABLE_OBJC_ARC = YES;
				CLANG_WARN_BLOCK_CAPTURE_AUTORELEASING = YES;
				CLANG_WARN_BOOL_CONVERSION = YES;
				CLANG_WARN_COMMA = YES;
				CLANG_WARN_CONSTANT_CONVERSION = YES;
				CLANG_WARN_DIRECT_OBJC_ISA_USAGE = YES_ERROR;
				CLANG_WARN_DOCUMENTATION_COMMENTS = YES;
				CLANG_WARN_EMPTY_BODY = YES;
				CLANG_WARN_ENUM_CONVERSION = YES;
				CLANG_WARN_INFINITE_RECURSION = YES;
				CLANG_WARN_INT_CONVERSION = YES;
				CLANG_WARN_NON_LITERAL_NULL_CONVERSION = YES;
				CLANG_WARN_OBJC_LITERAL_CONVERSION = YES;
				CLANG_WARN_OBJC_ROOT_CLASS = YES_ERROR;
				CLANG_WARN_RANGE_LOOP_ANALYSIS = YES;
				CLANG_WARN_STRICT_PROTOTYPES = YES;
				CLANG_WARN_SUSPICIOUS_MOVE = YES;
				CLANG_WARN_UNGUARDED_AVAILABILITY = YES_AGGRESSIVE;
				CLANG_WARN_UNREACHABLE_CODE = YES;
				CLANG_WARN__DUPLICATE_METHOD_MATCH = YES;
				CODE_SIGN_IDENTITY = "iPhone Developer";
				COPY_PHASE_STRIP = NO;
				DEBUG_INFORMATION_FORMAT = "dwarf-with-dsym";
				ENABLE_NS_ASSERTIONS = NO;
				ENABLE_STRICT_OBJC_MSGSEND = YES;
				GCC_C_LANGUAGE_STANDARD = gnu11;
				GCC_NO_COMMON_BLOCKS = YES;
				GCC_WARN_64_TO_32_BIT_CONVERSION = YES;
				GCC_WARN_ABOUT_RETURN_TYPE = YES_ERROR;
				GCC_WARN_UNDECLARED_SELECTOR = YES;
				GCC_WARN_UNINITIALIZED_AUTOS = YES_AGGRESSIVE;
				GCC_WARN_UNUSED_FUNCTION = YES;
				GCC_WARN_UNUSED_VARIABLE = YES;
				IPHONEOS_DEPLOYMENT_TARGET = 11.1;
				MTL_ENABLE_DEBUG_INFO = NO;
				SDKROOT = iphoneos;
				SWIFT_OPTIMIZATION_LEVEL = "-Owholemodule";
				VALIDATE_PRODUCT = YES;
			};
			name = Release;
		};
		63CC0E4B1FB19C7F001DD0B3 /* Debug */ = {
			isa = XCBuildConfiguration;
			baseConfigurationReference = 30370944D48E7DB1421E93E6 /* Pods-CodableSample.debug.xcconfig */;
			buildSettings = {
				ASSETCATALOG_COMPILER_APPICON_NAME = AppIcon;
				CODE_SIGN_STYLE = Automatic;
				INFOPLIST_FILE = CodableSample/Info.plist;
				LD_RUNPATH_SEARCH_PATHS = "$(inherited) @executable_path/Frameworks";
				PRODUCT_BUNDLE_IDENTIFIER = com.example.CodableSample;
				PRODUCT_NAME = "$(TARGET_NAME)";
				SWIFT_VERSION = 4.0;
				TARGETED_DEVICE_FAMILY = "1,2";
			};
			name = Debug;
		};
		63CC0E4C1FB19C7F001DD0B3 /* Release */ = {
			isa = XCBuildConfiguration;
			baseConfigurationReference = 237DD5FD3F0B2E567887EDE6 /* Pods-CodableSample.release.xcconfig */;
			buildSettings = {
				ASSETCATALOG_COMPILER_APPICON_NAME = AppIcon;
				CODE_SIGN_STYLE = Automatic;
				INFOPLIST_FILE = CodableSample/Info.plist;
				LD_RUNPATH_SEARCH_PATHS = "$(inherited) @executable_path/Frameworks";
				PRODUCT_BUNDLE_IDENTIFIER = com.example.CodableSample;
				PRODUCT_NAME = "$(TARGET_NAME)";
				SWIFT_VERSION = 4.0;
				TARGETED_DEVICE_FAMILY = "1,2";
			};
			name = Release;
		};
		63CC0E4E1FB19C7F001DD0B3 /* Debug */ = {
			isa = XCBuildConfiguration;
			baseConfigurationReference = 6795E26B36FFAE902DD72351 /* Pods-CodableSampleTests.debug.xcconfig */;
			buildSettings = {
				ALWAYS_EMBED_SWIFT_STANDARD_LIBRARIES = YES;
				BUNDLE_LOADER = "$(TEST_HOST)";
				CODE_SIGN_STYLE = Automatic;
				INFOPLIST_FILE = CodableSampleTests/Info.plist;
				LD_RUNPATH_SEARCH_PATHS = "$(inherited) @executable_path/Frameworks @loader_path/Frameworks";
				PRODUCT_BUNDLE_IDENTIFIER = com.example.CodableSampleTests;
				PRODUCT_NAME = "$(TARGET_NAME)";
				SWIFT_VERSION = 4.0;
				TARGETED_DEVICE_FAMILY = "1,2";
				TEST_HOST = "$(BUILT_PRODUCTS_DIR)/CodableSample.app/CodableSample";
			};
			name = Debug;
		};
		63CC0E4F1FB19C7F001DD0B3 /* Release */ = {
			isa = XCBuildConfiguration;
			baseConfigurationReference = 6F87BF9186FD1ACD2523F267 /* Pods-CodableSampleTests.release.xcconfig */;
			buildSettings = {
				ALWAYS_EMBED_SWIFT_STANDARD_LIBRARIES = YES;
				BUNDLE_LOADER = "$(TEST_HOST)";
				CODE_SIGN_STYLE = Automatic;
				INFOPLIST_FILE = CodableSampleTests/Info.plist;
				LD_RUNPATH_SEARCH_PATHS = "$(inherited) @executable_path/Frameworks @loader_path/Frameworks";
				PRODUCT_BUNDLE_IDENTIFIER = com.example.CodableSampleTests;
				PRODUCT_NAME = "$(TARGET_NAME)";
				SWIFT_VERSION = 4.0;
				TARGETED_DEVICE_FAMILY = "1,2";
				TEST_HOST = "$(BUILT_PRODUCTS_DIR)/CodableSample.app/CodableSample";
			};
			name = Release;
		};
		63CC0E511FB19C7F001DD0B3 /* Debug */ = {
			isa = XCBuildConfiguration;
			baseConfigurationReference = 8C9B092B9830DE1A8A9997EC /* Pods-CodableSampleUITests.debug.xcconfig */;
			buildSettings = {
				ALWAYS_EMBED_SWIFT_STANDARD_LIBRARIES = YES;
				CODE_SIGN_STYLE = Automatic;
				INFOPLIST_FILE = CodableSampleUITests/Info.plist;
				LD_RUNPATH_SEARCH_PATHS = "$(inherited) @executable_path/Frameworks @loader_path/Frameworks";
				PRODUCT_BUNDLE_IDENTIFIER = com.example.CodableSampleUITests;
				PRODUCT_NAME = "$(TARGET_NAME)";
				SWIFT_VERSION = 4.0;
				TARGETED_DEVICE_FAMILY = "1,2";
				TEST_TARGET_NAME = CodableSample;
			};
			name = Debug;
		};
		63CC0E521FB19C7F001DD0B3 /* Release */ = {
			isa = XCBuildConfiguration;
			baseConfigurationReference = 517EF2836E1C2E0AB2E4B91A /* Pods-CodableSampleUITests.release.xcconfig */;
			buildSettings = {
				ALWAYS_EMBED_SWIFT_STANDARD_LIBRARIES = YES;
				CODE_SIGN_STYLE = Automatic;
				INFOPLIST_FILE = CodableSampleUITests/Info.plist;
				LD_RUNPATH_SEARCH_PATHS = "$(inherited) @executable_path/Frameworks @loader_path/Frameworks";
				PRODUCT_BUNDLE_IDENTIFIER = com.example.CodableSampleUITests;
				PRODUCT_NAME = "$(TARGET_NAME)";
				SWIFT_VERSION = 4.0;
				TARGETED_DEVICE_FAMILY = "1,2";
				TEST_TARGET_NAME = CodableSample;
			};
			name = Release;
		};
/* End XCBuildConfiguration section */

/* Begin XCConfigurationList section */
		63CC0E1D1FB19C7F001DD0B3 /* Build configuration list for PBXProject "CodableSample" */ = {
			isa = XCConfigurationList;
			buildConfigurations = (
				63CC0E481FB19C7F001DD0B3 /* Debug */,
				63CC0E491FB19C7F001DD0B3 /* Release */,
			);
			defaultConfigurationIsVisible = 0;
			defaultConfigurationName = Release;
		};
		63CC0E4A1FB19C7F001DD0B3 /* Build configuration list for PBXNativeTarget "CodableSample" */ = {
			isa = XCConfigurationList;
			buildConfigurations = (
				63CC0E4B1FB19C7F001DD0B3 /* Debug */,
				63CC0E4C1FB19C7F001DD0B3 /* Release */,
			);
			defaultConfigurationIsVisible = 0;
			defaultConfigurationName = Release;
		};
		63CC0E4D1FB19C7F001DD0B3 /* Build configuration list for PBXNativeTarget "CodableSampleTests" */ = {
			isa = XCConfigurationList;
			buildConfigurations = (
				63CC0E4E1FB19C7F001DD0B3 /* Debug */,
				63CC0E4F1FB19C7F001DD0B3 /* Release */,
			);
			defaultConfigurationIsVisible = 0;
			defaultConfigurationName = Release;
		};
		63CC0E501FB19C7F001DD0B3 /* Build configuration list for PBXNativeTarget "CodableSampleUITests" */ = {
			isa = XCConfigurationList;
			buildConfigurations = (
				63CC0E511FB19C7F001DD0B3 /* Debug */,
				63CC0E521FB19C7F001DD0B3 /* Release */,
			);
			defaultConfigurationIsVisible = 0;
			defaultConfigurationName = Release;
		};
/* End XCConfigurationList section */
	};
	rootObject = 63CC0E1A1FB19C7F001DD0B3 /* Project object */;
}
